# This file was autogenerated by uv via the following command:
#    uv pip compile -o requirements.lock pyproject.toml
duckdb==1.1.0
    # via datapond (pyproject.toml)
numpy==2.1.1
    # via pyarrow
packaging==24.1
    # via qtpy
polars==1.7.1
    # via datapond (pyproject.toml)
pyarrow==17.0.0
    # via polars
pygments==2.18.0
    # via datapond (pyproject.toml)
pyside6==6.7.2
    # via datapond (pyproject.toml)
pyside6-addons==6.7.2
    # via pyside6
pyside6-essentials==6.7.2
    # via
    #   pyside6
    #   pyside6-addons
qtpy==2.4.1
    # via datapond (pyproject.toml)
shiboken6==6.7.2
    # via
    #   pyside6
    #   pyside6-addons
    #   pyside6-essentials
